
Microsoft Visual Studio Solution File, Format Version 12.00
# Visual Studio Version 16
VisualStudioVersion = 16.0.30114.105
MinimumVisualStudioVersion = 10.0.40219.1
Project("{FAE04EC0-301F-11D3-BF4B-00C04F79EFBC}") = "ValidadorCPF", "ValidadorCPF\ValidadorCPF.csproj", "{BA6C6E9E-55A4-42A3-BA1C-E794A4B0C4F9}"
EndProject
Project("{FAE04EC0-301F-11D3-BF4B-00C04F79EFBC}") = "TesteValidadorCPF", "TesteValidadorCPF\TesteValidadorCPF.csproj", "{AC489350-7DBA-48E2-AD42-91CC64FBE566}"
EndProject
Global
	GlobalSection(SolutionConfigurationPlatforms) = preSolution
		Debug|Any CPU = Debug|Any CPU
		Release|Any CPU = Release|Any CPU
	EndGlobalSection
	GlobalSection(SolutionProperties) = preSolution
		HideSolutionNode = FALSE
	EndGlobalSection
	GlobalSection(ProjectConfigurationPlatforms) = postSolution
		{BA6C6E9E-55A4-42A3-BA1C-E794A4B0C4F9}.Debug|Any CPU.ActiveCfg = Debug|Any CPU
		{BA6C6E9E-55A4-42A3-BA1C-E794A4B0C4F9}.Debug|Any CPU.Build.0 = Debug|Any CPU
		{BA6C6E9E-55A4-42A3-BA1C-E794A4B0C4F9}.Release|Any CPU.ActiveCfg = Release|Any CPU
		{BA6C6E9E-55A4-42A3-BA1C-E794A4B0C4F9}.Release|Any CPU.Build.0 = Release|Any CPU
		{AC489350-7DBA-48E2-AD42-91CC64FBE566}.Debug|Any CPU.ActiveCfg = Debug|Any CPU
		{AC489350-7DBA-48E2-AD42-91CC64FBE566}.Debug|Any CPU.Build.0 = Debug|Any CPU
		{AC489350-7DBA-48E2-AD42-91CC64FBE566}.Release|Any CPU.ActiveCfg = Release|Any CPU
		{AC489350-7DBA-48E2-AD42-91CC64FBE566}.Release|Any CPU.Build.0 = Release|Any CPU
	EndGlobalSection
EndGlobal
